Microsoft Visual Studio Solution File, Format Version 12.00
# Visual Studio 2012
Project("{8BC9CEB8-8B4A-11D0-8D11-00A0C91BC942}") = "shiftr", "shiftr.vcxproj", "{1008F970-15BD-CEEA-DC77-F55FEB603EAA}"
EndProject
Project("{8BC9CEB8-8B4A-11D0-8D11-00A0C91BC942}") = "shiftr.unittests", "shiftr.unittests.vcxproj", "{362D549C-09F5-41EC-A4EA-4FA6E1942449}"
EndProject
Global
	GlobalSection(SolutionConfigurationPlatforms) = preSolution
		Debug|Win32 = Debug|Win32
		Release|Win32 = Release|Win32
	EndGlobalSection
	GlobalSection(ProjectConfigurationPlatforms) = postSolution
		{1008F970-15BD-CEEA-DC77-F55FEB603EAA}.Debug|Win32.ActiveCfg = Debug|Win32
		{1008F970-15BD-CEEA-DC77-F55FEB603EAA}.Debug|Win32.Build.0 = Debug|Win32
		{1008F970-15BD-CEEA-DC77-F55FEB603EAA}.Release|Win32.ActiveCfg = Release|Win32
		{1008F970-15BD-CEEA-DC77-F55FEB603EAA}.Release|Win32.Build.0 = Release|Win32
		{362D549C-09F5-41EC-A4EA-4FA6E1942449}.Debug|Win32.ActiveCfg = Debug|Win32
		{362D549C-09F5-41EC-A4EA-4FA6E1942449}.Debug|Win32.Build.0 = Debug|Win32
		{362D549C-09F5-41EC-A4EA-4FA6E1942449}.Release|Win32.ActiveCfg = Release|Win32
		{362D549C-09F5-41EC-A4EA-4FA6E1942449}.Release|Win32.Build.0 = Release|Win32
	EndGlobalSection
	GlobalSection(SolutionProperties) = preSolution
		HideSolutionNode = FALSE
	EndGlobalSection
EndGlobal
